// !$*UTF8*$!
{
	archiveVersion = 1;
	classes = {
	};
	objectVersion = 46;
	objects = {

/* Begin PBXBuildFile section */
		5F3CBA9E1B0F6C5000202E08 /* main.m in Sources */ = {isa = PBXBuildFile; fileRef = 5F3CBA9D1B0F6C5000202E08 /* main.m */; };
		5F3CBAA11B0F6C5000202E08 /* AppDelegate.mm in Sources */ = {isa = PBXBuildFile; fileRef = 5F3CBAA01B0F6C5000202E08 /* AppDelegate.mm */; };
		5F3CBAA41B0F6C5000202E08 /* ViewController.m in Sources */ = {isa = PBXBuildFile; fileRef = 5F3CBAA31B0F6C5000202E08 /* ViewController.m */; };
		5F3CBAA71B0F6C5000202E08 /* Main.storyboard in Resources */ = {isa = PBXBuildFile; fileRef = 5F3CBAA51B0F6C5000202E08 /* Main.storyboard */; };
		5F3CBAA91B0F6C5000202E08 /* Images.xcassets in Resources */ = {isa = PBXBuildFile; fileRef = 5F3CBAA81B0F6C5000202E08 /* Images.xcassets */; };
		5F3CBAAC1B0F6C5000202E08 /* LaunchScreen.xib in Resources */ = {isa = PBXBuildFile; fileRef = 5F3CBAAA1B0F6C5000202E08 /* LaunchScreen.xib */; };
		5F3CBAB81B0F6C5000202E08 /* falkor_testTests.m in Sources */ = {isa = PBXBuildFile; fileRef = 5F3CBAB71B0F6C5000202E08 /* falkor_testTests.m */; };
		5F3CBAD91B0F72C700202E08 /* JavaScriptCore.framework in Frameworks */ = {isa = PBXBuildFile; fileRef = 5F3CBAD81B0F72C700202E08 /* JavaScriptCore.framework */; };
		5F3CBADB1B0F72D100202E08 /* libstdc++.dylib in Frameworks */ = {isa = PBXBuildFile; fileRef = 5F3CBADA1B0F72D100202E08 /* libstdc++.dylib */; };
		5F3CBADF1B0F734400202E08 /* libstdc++.6.dylib in Frameworks */ = {isa = PBXBuildFile; fileRef = 5F3CBADE1B0F734400202E08 /* libstdc++.6.dylib */; };
		5F3CBAE21B0F755200202E08 /* run-falkor.cpp in Sources */ = {isa = PBXBuildFile; fileRef = 5F3CBAE11B0F755200202E08 /* run-falkor.cpp */; };
		5F3CBAEA1B0F775400202E08 /* libfalkor.a in Frameworks */ = {isa = PBXBuildFile; fileRef = 5F3CBAE91B0F775400202E08 /* libfalkor.a */; };
		5F3CBAEC1B0F776E00202E08 /* libbastian.a in Frameworks */ = {isa = PBXBuildFile; fileRef = 5F3CBAEB1B0F776E00202E08 /* libbastian.a */; };
/* End PBXBuildFile section */

/* Begin PBXContainerItemProxy section */
		5F3CBAB21B0F6C5000202E08 /* PBXContainerItemProxy */ = {
			isa = PBXContainerItemProxy;
			containerPortal = 5F3CBA901B0F6C5000202E08 /* Project object */;
			proxyType = 1;
			remoteGlobalIDString = 5F3CBA971B0F6C5000202E08;
			remoteInfo = "falkor test";
		};
/* End PBXContainerItemProxy section */

/* Begin PBXFileReference section */
		5F3CBA981B0F6C5000202E08 /* falkor test.app */ = {isa = PBXFileReference; explicitFileType = wrapper.application; includeInIndex = 0; path = "falkor test.app"; sourceTree = BUILT_PRODUCTS_DIR; };
		5F3CBA9C1B0F6C5000202E08 /* Info.plist */ = {isa = PBXFileReference; lastKnownFileType = text.plist.xml; path = Info.plist; sourceTree = "<group>"; };
		5F3CBA9D1B0F6C5000202E08 /* main.m */ = {isa = PBXFileReference; lastKnownFileType = sourcecode.c.objc; path = main.m; sourceTree = "<group>"; };
		5F3CBA9F1B0F6C5000202E08 /* AppDelegate.h */ = {isa = PBXFileReference; lastKnownFileType = sourcecode.c.h; path = AppDelegate.h; sourceTree = "<group>"; };
		5F3CBAA01B0F6C5000202E08 /* AppDelegate.mm */ = {isa = PBXFileReference; lastKnownFileType = sourcecode.cpp.objcpp; path = AppDelegate.mm; sourceTree = "<group>"; };
		5F3CBAA21B0F6C5000202E08 /* ViewController.h */ = {isa = PBXFileReference; lastKnownFileType = sourcecode.c.h; path = ViewController.h; sourceTree = "<group>"; };
		5F3CBAA31B0F6C5000202E08 /* ViewController.m */ = {isa = PBXFileReference; lastKnownFileType = sourcecode.c.objc; path = ViewController.m; sourceTree = "<group>"; };
		5F3CBAA61B0F6C5000202E08 /* Base */ = {isa = PBXFileReference; lastKnownFileType = file.storyboard; name = Base; path = Base.lproj/Main.storyboard; sourceTree = "<group>"; };
		5F3CBAA81B0F6C5000202E08 /* Images.xcassets */ = {isa = PBXFileReference; lastKnownFileType = folder.assetcatalog; path = Images.xcassets; sourceTree = "<group>"; };
		5F3CBAAB1B0F6C5000202E08 /* Base */ = {isa = PBXFileReference; lastKnownFileType = file.xib; name = Base; path = Base.lproj/LaunchScreen.xib; sourceTree = "<group>"; };
		5F3CBAB11B0F6C5000202E08 /* falkor testTests.xctest */ = {isa = PBXFileReference; explicitFileType = wrapper.cfbundle; includeInIndex = 0; path = "falkor testTests.xctest"; sourceTree = BUILT_PRODUCTS_DIR; };
		5F3CBAB61B0F6C5000202E08 /* Info.plist */ = {isa = PBXFileReference; lastKnownFileType = text.plist.xml; path = Info.plist; sourceTree = "<group>"; };
		5F3CBAB71B0F6C5000202E08 /* falkor_testTests.m */ = {isa = PBXFileReference; lastKnownFileType = sourcecode.c.objc; path = falkor_testTests.m; sourceTree = "<group>"; };
		5F3CBAD81B0F72C700202E08 /* JavaScriptCore.framework */ = {isa = PBXFileReference; lastKnownFileType = wrapper.framework; name = JavaScriptCore.framework; path = System/Library/Frameworks/JavaScriptCore.framework; sourceTree = SDKROOT; };
		5F3CBADA1B0F72D100202E08 /* libstdc++.dylib */ = {isa = PBXFileReference; lastKnownFileType = "compiled.mach-o.dylib"; name = "libstdc++.dylib"; path = "usr/lib/libstdc++.dylib"; sourceTree = SDKROOT; };
		5F3CBADE1B0F734400202E08 /* libstdc++.6.dylib */ = {isa = PBXFileReference; lastKnownFileType = "compiled.mach-o.dylib"; name = "libstdc++.6.dylib"; path = "usr/lib/libstdc++.6.dylib"; sourceTree = SDKROOT; };
		5F3CBAE01B0F751A00202E08 /* run-falkor.h */ = {isa = PBXFileReference; lastKnownFileType = sourcecode.c.h; path = "run-falkor.h"; sourceTree = "<group>"; };
		5F3CBAE11B0F755200202E08 /* run-falkor.cpp */ = {isa = PBXFileReference; fileEncoding = 4; lastKnownFileType = sourcecode.cpp.cpp; path = "run-falkor.cpp"; sourceTree = "<group>"; };
		5F3CBAE91B0F775400202E08 /* libfalkor.a */ = {isa = PBXFileReference; lastKnownFileType = archive.ar; name = libfalkor.a; path = "../../../build/Debug-iphonesimulator/libfalkor.a"; sourceTree = "<group>"; };
		5F3CBAEB1B0F776E00202E08 /* libbastian.a */ = {isa = PBXFileReference; lastKnownFileType = archive.ar; name = libbastian.a; path = "../../../deps/bastian/build/Debug-iphonesimulator/libbastian.a"; sourceTree = "<group>"; };
/* End PBXFileReference section */

/* Begin PBXFrameworksBuildPhase section */
		5F3CBA951B0F6C5000202E08 /* Frameworks */ = {
			isa = PBXFrameworksBuildPhase;
			buildActionMask = 2147483647;
			files = (
				5F3CBAEC1B0F776E00202E08 /* libbastian.a in Frameworks */,
				5F3CBAEA1B0F775400202E08 /* libfalkor.a in Frameworks */,
				5F3CBADF1B0F734400202E08 /* libstdc++.6.dylib in Frameworks */,
				5F3CBADB1B0F72D100202E08 /* libstdc++.dylib in Frameworks */,
				5F3CBAD91B0F72C700202E08 /* JavaScriptCore.framework in Frameworks */,
			);
			runOnlyForDeploymentPostprocessing = 0;
		};
		5F3CBAAE1B0F6C5000202E08 /* Frameworks */ = {
			isa = PBXFrameworksBuildPhase;
			buildActionMask = 2147483647;
			files = (
			);
			runOnlyForDeploymentPostprocessing = 0;
		};
/* End PBXFrameworksBuildPhase section */

/* Begin PBXGroup section */
		5F3CBA8F1B0F6C5000202E08 = {
			isa = PBXGroup;
			children = (
				5F3CBAEB1B0F776E00202E08 /* libbastian.a */,
				5F3CBAE91B0F775400202E08 /* libfalkor.a */,
				5F3CBADE1B0F734400202E08 /* libstdc++.6.dylib */,
				5F3CBADA1B0F72D100202E08 /* libstdc++.dylib */,
				5F3CBAD81B0F72C700202E08 /* JavaScriptCore.framework */,
				5F3CBA9A1B0F6C5000202E08 /* falkor test */,
				5F3CBAB41B0F6C5000202E08 /* falkor testTests */,
				5F3CBA991B0F6C5000202E08 /* Products */,
			);
			sourceTree = "<group>";
		};
		5F3CBA991B0F6C5000202E08 /* Products */ = {
			isa = PBXGroup;
			children = (
				5F3CBA981B0F6C5000202E08 /* falkor test.app */,
				5F3CBAB11B0F6C5000202E08 /* falkor testTests.xctest */,
			);
			name = Products;
			sourceTree = "<group>";
		};
		5F3CBA9A1B0F6C5000202E08 /* falkor test */ = {
			isa = PBXGroup;
			children = (
				5F3CBA9F1B0F6C5000202E08 /* AppDelegate.h */,
				5F3CBAA01B0F6C5000202E08 /* AppDelegate.mm */,
				5F3CBAA21B0F6C5000202E08 /* ViewController.h */,
				5F3CBAA31B0F6C5000202E08 /* ViewController.m */,
				5F3CBAA51B0F6C5000202E08 /* Main.storyboard */,
				5F3CBAA81B0F6C5000202E08 /* Images.xcassets */,
				5F3CBAAA1B0F6C5000202E08 /* LaunchScreen.xib */,
				5F3CBA9B1B0F6C5000202E08 /* Supporting Files */,
				5F3CBAE01B0F751A00202E08 /* run-falkor.h */,
				5F3CBAE11B0F755200202E08 /* run-falkor.cpp */,
			);
			path = "falkor test";
			sourceTree = "<group>";
		};
		5F3CBA9B1B0F6C5000202E08 /* Supporting Files */ = {
			isa = PBXGroup;
			children = (
				5F3CBA9C1B0F6C5000202E08 /* Info.plist */,
				5F3CBA9D1B0F6C5000202E08 /* main.m */,
			);
			name = "Supporting Files";
			sourceTree = "<group>";
		};
		5F3CBAB41B0F6C5000202E08 /* falkor testTests */ = {
			isa = PBXGroup;
			children = (
				5F3CBAB71B0F6C5000202E08 /* falkor_testTests.m */,
				5F3CBAB51B0F6C5000202E08 /* Supporting Files */,
			);
			path = "falkor testTests";
			sourceTree = "<group>";
		};
		5F3CBAB51B0F6C5000202E08 /* Supporting Files */ = {
			isa = PBXGroup;
			children = (
				5F3CBAB61B0F6C5000202E08 /* Info.plist */,
			);
			name = "Supporting Files";
			sourceTree = "<group>";
		};
/* End PBXGroup section */

/* Begin PBXNativeTarget section */
		5F3CBA971B0F6C5000202E08 /* falkor test */ = {
			isa = PBXNativeTarget;
			buildConfigurationList = 5F3CBABB1B0F6C5000202E08 /* Build configuration list for PBXNativeTarget "falkor test" */;
			buildPhases = (
				5F3CBA941B0F6C5000202E08 /* Sources */,
				5F3CBA951B0F6C5000202E08 /* Frameworks */,
				5F3CBA961B0F6C5000202E08 /* Resources */,
			);
			buildRules = (
			);
			dependencies = (
			);
			name = "falkor test";
			productName = "falkor test";
			productReference = 5F3CBA981B0F6C5000202E08 /* falkor test.app */;
			productType = "com.apple.product-type.application";
		};
		5F3CBAB01B0F6C5000202E08 /* falkor testTests */ = {
			isa = PBXNativeTarget;
			buildConfigurationList = 5F3CBABE1B0F6C5000202E08 /* Build configuration list for PBXNativeTarget "falkor testTests" */;
			buildPhases = (
				5F3CBAAD1B0F6C5000202E08 /* Sources */,
				5F3CBAAE1B0F6C5000202E08 /* Frameworks */,
				5F3CBAAF1B0F6C5000202E08 /* Resources */,
			);
			buildRules = (
			);
			dependencies = (
				5F3CBAB31B0F6C5000202E08 /* PBXTargetDependency */,
			);
			name = "falkor testTests";
			productName = "falkor testTests";
			productReference = 5F3CBAB11B0F6C5000202E08 /* falkor testTests.xctest */;
			productType = "com.apple.product-type.bundle.unit-test";
		};
/* End PBXNativeTarget section */

/* Begin PBXProject section */
		5F3CBA901B0F6C5000202E08 /* Project object */ = {
			isa = PBXProject;
			attributes = {
				LastUpgradeCheck = 0630;
				ORGANIZATIONNAME = "David Corticchiato";
				TargetAttributes = {
					5F3CBA971B0F6C5000202E08 = {
						CreatedOnToolsVersion = 6.3.2;
					};
					5F3CBAB01B0F6C5000202E08 = {
						CreatedOnToolsVersion = 6.3.2;
						TestTargetID = 5F3CBA971B0F6C5000202E08;
					};
				};
			};
			buildConfigurationList = 5F3CBA931B0F6C5000202E08 /* Build configuration list for PBXProject "falkor test" */;
			compatibilityVersion = "Xcode 3.2";
			developmentRegion = English;
			hasScannedForEncodings = 0;
			knownRegions = (
				en,
				Base,
			);
			mainGroup = 5F3CBA8F1B0F6C5000202E08;
			productRefGroup = 5F3CBA991B0F6C5000202E08 /* Products */;
			projectDirPath = "";
			projectRoot = "";
			targets = (
				5F3CBA971B0F6C5000202E08 /* falkor test */,
				5F3CBAB01B0F6C5000202E08 /* falkor testTests */,
			);
		};
/* End PBXProject section */

/* Begin PBXResourcesBuildPhase section */
		5F3CBA961B0F6C5000202E08 /* Resources */ = {
			isa = PBXResourcesBuildPhase;
			buildActionMask = 2147483647;
			files = (
				5F3CBAA71B0F6C5000202E08 /* Main.storyboard in Resources */,
				5F3CBAAC1B0F6C5000202E08 /* LaunchScreen.xib in Resources */,
				5F3CBAA91B0F6C5000202E08 /* Images.xcassets in Resources */,
			);
			runOnlyForDeploymentPostprocessing = 0;
		};
		5F3CBAAF1B0F6C5000202E08 /* Resources */ = {
			isa = PBXResourcesBuildPhase;
			buildActionMask = 2147483647;
			files = (
			);
			runOnlyForDeploymentPostprocessing = 0;
		};
/* End PBXResourcesBuildPhase section */

/* Begin PBXSourcesBuildPhase section */
		5F3CBA941B0F6C5000202E08 /* Sources */ = {
			isa = PBXSourcesBuildPhase;
			buildActionMask = 2147483647;
			files = (
				5F3CBAE21B0F755200202E08 /* run-falkor.cpp in Sources */,
				5F3CBAA41B0F6C5000202E08 /* ViewController.m in Sources */,
				5F3CBAA11B0F6C5000202E08 /* AppDelegate.mm in Sources */,
				5F3CBA9E1B0F6C5000202E08 /* main.m in Sources */,
			);
			runOnlyForDeploymentPostprocessing = 0;
		};
		5F3CBAAD1B0F6C5000202E08 /* Sources */ = {
			isa = PBXSourcesBuildPhase;
			buildActionMask = 2147483647;
			files = (
				5F3CBAB81B0F6C5000202E08 /* falkor_testTests.m in Sources */,
			);
			runOnlyForDeploymentPostprocessing = 0;
		};
/* End PBXSourcesBuildPhase section */

/* Begin PBXTargetDependency section */
		5F3CBAB31B0F6C5000202E08 /* PBXTargetDependency */ = {
			isa = PBXTargetDependency;
			target = 5F3CBA971B0F6C5000202E08 /* falkor test */;
			targetProxy = 5F3CBAB21B0F6C5000202E08 /* PBXContainerItemProxy */;
		};
/* End PBXTargetDependency section */

/* Begin PBXVariantGroup section */
		5F3CBAA51B0F6C5000202E08 /* Main.storyboard */ = {
			isa = PBXVariantGroup;
			children = (
				5F3CBAA61B0F6C5000202E08 /* Base */,
			);
			name = Main.storyboard;
			sourceTree = "<group>";
		};
		5F3CBAAA1B0F6C5000202E08 /* LaunchScreen.xib */ = {
			isa = PBXVariantGroup;
			children = (
				5F3CBAAB1B0F6C5000202E08 /* Base */,
			);
			name = LaunchScreen.xib;
			sourceTree = "<group>";
		};
/* End PBXVariantGroup section */

/* Begin XCBuildConfiguration section */
		5F3CBAB91B0F6C5000202E08 /* Debug */ = {
			isa = XCBuildConfiguration;
			buildSettings = {
				ALWAYS_SEARCH_USER_PATHS = NO;
				CLANG_CXX_LANGUAGE_STANDARD = "gnu++0x";
				CLANG_CXX_LIBRARY = "libc++";
				CLANG_ENABLE_MODULES = YES;
				CLANG_ENABLE_OBJC_ARC = YES;
				CLANG_WARN_BOOL_CONVERSION = YES;
				CLANG_WARN_CONSTANT_CONVERSION = YES;
				CLANG_WARN_DIRECT_OBJC_ISA_USAGE = YES_ERROR;
				CLANG_WARN_EMPTY_BODY = YES;
				CLANG_WARN_ENUM_CONVERSION = YES;
				CLANG_WARN_INT_CONVERSION = YES;
				CLANG_WARN_OBJC_ROOT_CLASS = YES_ERROR;
				CLANG_WARN_UNREACHABLE_CODE = YES;
				CLANG_WARN__DUPLICATE_METHOD_MATCH = YES;
				"CODE_SIGN_IDENTITY[sdk=iphoneos*]" = "iPhone Developer";
				COPY_PHASE_STRIP = NO;
				DEBUG_INFORMATION_FORMAT = "dwarf-with-dsym";
				ENABLE_STRICT_OBJC_MSGSEND = YES;
				GCC_C_LANGUAGE_STANDARD = gnu99;
				GCC_DYNAMIC_NO_PIC = NO;
				GCC_NO_COMMON_BLOCKS = YES;
				GCC_OPTIMIZATION_LEVEL = 0;
				GCC_PREPROCESSOR_DEFINITIONS = (
					"DEBUG=1",
					"$(inherited)",
				);
				GCC_SYMBOLS_PRIVATE_EXTERN = NO;
				GCC_WARN_64_TO_32_BIT_CONVERSION = YES;
				GCC_WARN_ABOUT_RETURN_TYPE = YES_ERROR;
				GCC_WARN_UNDECLARED_SELECTOR = YES;
				GCC_WARN_UNINITIALIZED_AUTOS = YES_AGGRESSIVE;
				GCC_WARN_UNUSED_FUNCTION = YES;
				GCC_WARN_UNUSED_VARIABLE = YES;
				IPHONEOS_DEPLOYMENT_TARGET = 8.3;
				MTL_ENABLE_DEBUG_INFO = YES;
				ONLY_ACTIVE_ARCH = YES;
				SDKROOT = iphoneos;
				TARGETED_DEVICE_FAMILY = "1,2";
			};
			name = Debug;
		};
		5F3CBABA1B0F6C5000202E08 /* Release */ = {
			isa = XCBuildConfiguration;
			buildSettings = {
				ALWAYS_SEARCH_USER_PATHS = NO;
				CLANG_CXX_LANGUAGE_STANDARD = "gnu++0x";
				CLANG_CXX_LIBRARY = "libc++";
				CLANG_ENABLE_MODULES = YES;
				CLANG_ENABLE_OBJC_ARC = YES;
				CLANG_WARN_BOOL_CONVERSION = YES;
				CLANG_WARN_CONSTANT_CONVERSION = YES;
				CLANG_WARN_DIRECT_OBJC_ISA_USAGE = YES_ERROR;
				CLANG_WARN_EMPTY_BODY = YES;
				CLANG_WARN_ENUM_CONVERSION = YES;
				CLANG_WARN_INT_CONVERSION = YES;
				CLANG_WARN_OBJC_ROOT_CLASS = YES_ERROR;
				CLANG_WARN_UNREACHABLE_CODE = YES;
				CLANG_WARN__DUPLICATE_METHOD_MATCH = YES;
				"CODE_SIGN_IDENTITY[sdk=iphoneos*]" = "iPhone Developer";
				COPY_PHASE_STRIP = NO;
				DEBUG_INFORMATION_FORMAT = "dwarf-with-dsym";
				ENABLE_NS_ASSERTIONS = NO;
				ENABLE_STRICT_OBJC_MSGSEND = YES;
				GCC_C_LANGUAGE_STANDARD = gnu99;
				GCC_NO_COMMON_BLOCKS = YES;
				GCC_WARN_64_TO_32_BIT_CONVERSION = YES;
				GCC_WARN_ABOUT_RETURN_TYPE = YES_ERROR;
				GCC_WARN_UNDECLARED_SELECTOR = YES;
				GCC_WARN_UNINITIALIZED_AUTOS = YES_AGGRESSIVE;
				GCC_WARN_UNUSED_FUNCTION = YES;
				GCC_WARN_UNUSED_VARIABLE = YES;
				IPHONEOS_DEPLOYMENT_TARGET = 8.3;
				MTL_ENABLE_DEBUG_INFO = NO;
				SDKROOT = iphoneos;
				TARGETED_DEVICE_FAMILY = "1,2";
				VALIDATE_PRODUCT = YES;
			};
			name = Release;
		};
		5F3CBABC1B0F6C5000202E08 /* Debug */ = {
			isa = XCBuildConfiguration;
			buildSettings = {
				ASSETCATALOG_COMPILER_APPICON_NAME = AppIcon;
				HEADER_SEARCH_PATHS = (
					"$(inherited)",
					/Applications/Xcode.app/Contents/Developer/Toolchains/XcodeDefault.xctoolchain/usr/include,
					../../../deps/bastian/include,
					../../../include,
				);
				INFOPLIST_FILE = "falkor test/Info.plist";
				LD_RUNPATH_SEARCH_PATHS = "$(inherited) @executable_path/Frameworks";
				LIBRARY_SEARCH_PATHS = (
					"$(inherited)",
					"/Users/dawi/projects/phantasien/falkor/build/Debug-iphoneos",
					"/Users/dawi/projects/phantasien/falkor/build/Debug-iphonesimulator",
					"$(PROJECT_DIR)/falkor",
					test,
					"/Users/dawi/projects/phantasien/falkor/deps/bastian/build/Debug-iphonesimulator",
				);
				PRODUCT_NAME = "$(TARGET_NAME)";
			};
			name = Debug;
		};
		5F3CBABD1B0F6C5000202E08 /* Release */ = {
			isa = XCBuildConfiguration;
			buildSettings = {
				ASSETCATALOG_COMPILER_APPICON_NAME = AppIcon;
				HEADER_SEARCH_PATHS = (
					"$(inherited)",
					/Applications/Xcode.app/Contents/Developer/Toolchains/XcodeDefault.xctoolchain/usr/include,
					../../../deps/bastian/include,
					../../../include,
				);
				INFOPLIST_FILE = "falkor test/Info.plist";
				LD_RUNPATH_SEARCH_PATHS = "$(inherited) @executable_path/Frameworks";
				LIBRARY_SEARCH_PATHS = (
					"$(inherited)",
					"/Users/dawi/projects/phantasien/falkor/build/Debug-iphoneos",
					"/Users/dawi/projects/phantasien/falkor/build/Debug-iphonesimulator",
					"$(PROJECT_DIR)/falkor",
					test,
					"/Users/dawi/projects/phantasien/falkor/deps/bastian/build/Debug-iphonesimulator",
				);
				PRODUCT_NAME = "$(TARGET_NAME)";
			};
			name = Release;
		};
		5F3CBABF1B0F6C5000202E08 /* Debug */ = {
			isa = XCBuildConfiguration;
			buildSettings = {
				BUNDLE_LOADER = "$(TEST_HOST)";
				FRAMEWORK_SEARCH_PATHS = (
					"$(SDKROOT)/Developer/Library/Frameworks",
					"$(inherited)",
				);
				GCC_PREPROCESSOR_DEFINITIONS = (
					"DEBUG=1",
					"$(inherited)",
				);
				INFOPLIST_FILE = "falkor testTests/Info.plist";
				LD_RUNPATH_SEARCH_PATHS = "$(inherited) @executable_path/Frameworks @loader_path/Frameworks";
				PRODUCT_NAME = "$(TARGET_NAME)";
				TEST_HOST = "$(BUILT_PRODUCTS_DIR)/falkor test.app/falkor test";
			};
			name = Debug;
		};
		5F3CBAC01B0F6C5000202E08 /* Release */ = {
			isa = XCBuildConfiguration;
			buildSettings = {
				BUNDLE_LOADER = "$(TEST_HOST)";
				FRAMEWORK_SEARCH_PATHS = (
					"$(SDKROOT)/Developer/Library/Frameworks",
					"$(inherited)",
				);
				INFOPLIST_FILE = "falkor testTests/Info.plist";
				LD_RUNPATH_SEARCH_PATHS = "$(inherited) @executable_path/Frameworks @loader_path/Frameworks";
				PRODUCT_NAME = "$(TARGET_NAME)";
				TEST_HOST = "$(BUILT_PRODUCTS_DIR)/falkor test.app/falkor test";
			};
			name = Release;
		};
/* End XCBuildConfiguration section */

/* Begin XCConfigurationList section */
		5F3CBA931B0F6C5000202E08 /* Build configuration list for PBXProject "falkor test" */ = {
			isa = XCConfigurationList;
			buildConfigurations = (
				5F3CBAB91B0F6C5000202E08 /* Debug */,
				5F3CBABA1B0F6C5000202E08 /* Release */,
			);
			defaultConfigurationIsVisible = 0;
			defaultConfigurationName = Release;
		};
		5F3CBABB1B0F6C5000202E08 /* Build configuration list for PBXNativeTarget "falkor test" */ = {
			isa = XCConfigurationList;
			buildConfigurations = (
				5F3CBABC1B0F6C5000202E08 /* Debug */,
				5F3CBABD1B0F6C5000202E08 /* Release */,
			);
			defaultConfigurationIsVisible = 0;
		};
		5F3CBABE1B0F6C5000202E08 /* Build configuration list for PBXNativeTarget "falkor testTests" */ = {
			isa = XCConfigurationList;
			buildConfigurations = (
				5F3CBABF1B0F6C5000202E08 /* Debug */,
				5F3CBAC01B0F6C5000202E08 /* Release */,
			);
			defaultConfigurationIsVisible = 0;
		};
/* End XCConfigurationList section */
	};
	rootObject = 5F3CBA901B0F6C5000202E08 /* Project object */;
}
